
Microsoft Visual Studio Solution File, Format Version 12.00
# Visual Studio Version 17
VisualStudioVersion = 17.6.33815.320
MinimumVisualStudioVersion = 10.0.40219.1
Project("{8BC9CEB8-8B4A-11D0-8D11-00A0C91BC942}") = "趣背单词or趣学函数", "趣背单词or趣学函数.vcxproj", "{5F96AB9F-C240-4E9B-9EBB-C8EEA4A9B611}"
EndProject
Global
	GlobalSection(SolutionConfigurationPlatforms) = preSolution
		Debug|x64 = Debug|x64
		Debug|x86 = Debug|x86
		Release|x64 = Release|x64
		Release|x86 = Release|x86
	EndGlobalSection
	GlobalSection(ProjectConfigurationPlatforms) = postSolution
		{5F96AB9F-C240-4E9B-9EBB-C8EEA4A9B611}.Debug|x64.ActiveCfg = Debug|x64
		{5F96AB9F-C240-4E9B-9EBB-C8EEA4A9B611}.Debug|x64.Build.0 = Debug|x64
		{5F96AB9F-C240-4E9B-9EBB-C8EEA4A9B611}.Debug|x86.ActiveCfg = Debug|Win32
		{5F96AB9F-C240-4E9B-9EBB-C8EEA4A9B611}.Debug|x86.Build.0 = Debug|Win32
		{5F96AB9F-C240-4E9B-9EBB-C8EEA4A9B611}.Release|x64.ActiveCfg = Release|x64
		{5F96AB9F-C240-4E9B-9EBB-C8EEA4A9B611}.Release|x64.Build.0 = Release|x64
		{5F96AB9F-C240-4E9B-9EBB-C8EEA4A9B611}.Release|x86.ActiveCfg = Release|Win32
		{5F96AB9F-C240-4E9B-9EBB-C8EEA4A9B611}.Release|x86.Build.0 = Release|Win32
	EndGlobalSection
	GlobalSection(SolutionProperties) = preSolution
		HideSolutionNode = FALSE
	EndGlobalSection
	GlobalSection(ExtensibilityGlobals) = postSolution
		SolutionGuid = {ABDCA006-B0AD-40A4-ADFE-C72AC551C85E}
	EndGlobalSection
EndGlobal
